
Microsoft Visual Studio Solution File, Format Version 12.00
# Visual Studio Version 17
VisualStudioVersion = 17.7.34003.232
MinimumVisualStudioVersion = 10.0.40219.1
Project("{FAE04EC0-301F-11D3-BF4B-00C04F79EFBC}") = "Zadanie_", "Zadanie_\Zadanie_.csproj", "{0ED8517D-E4AF-4B7F-A052-D88BC9010584}"
EndProject
Global
	GlobalSection(SolutionConfigurationPlatforms) = preSolution
		Debug|Any CPU = Debug|Any CPU
		Release|Any CPU = Release|Any CPU
	EndGlobalSection
	GlobalSection(ProjectConfigurationPlatforms) = postSolution
		{0ED8517D-E4AF-4B7F-A052-D88BC9010584}.Debug|Any CPU.ActiveCfg = Debug|Any CPU
		{0ED8517D-E4AF-4B7F-A052-D88BC9010584}.Debug|Any CPU.Build.0 = Debug|Any CPU
		{0ED8517D-E4AF-4B7F-A052-D88BC9010584}.Release|Any CPU.ActiveCfg = Release|Any CPU
		{0ED8517D-E4AF-4B7F-A052-D88BC9010584}.Release|Any CPU.Build.0 = Release|Any CPU
	EndGlobalSection
	GlobalSection(SolutionProperties) = preSolution
		HideSolutionNode = FALSE
	EndGlobalSection
	GlobalSection(ExtensibilityGlobals) = postSolution
		SolutionGuid = {2EB8169C-5554-4497-8839-7E77844D6FED}
	EndGlobalSection
EndGlobal
